
Microsoft Visual Studio Solution File, Format Version 12.00
# Visual Studio Version 17
VisualStudioVersion = 17.0.31903.59
MinimumVisualStudioVersion = 10.0.40219.1
Project("{2150E333-8FDC-42A3-9474-1A3956D46DE8}") = "src", "src", "{66A73424-6FA2-48CD-A895-FF8FD803EFA0}"
EndProject
Project("{FAE04EC0-301F-11D3-BF4B-00C04F79EFBC}") = "AuctionService", "src\AuctionService\AuctionService.csproj", "{C5F1A4C8-188C-4933-B2D0-34D874FCB02B}"
EndProject
Project("{FAE04EC0-301F-11D3-BF4B-00C04F79EFBC}") = "SearchService", "src\SearchService\SearchService.csproj", "{667C095A-1DE3-447D-8546-AC7BF30F9A78}"
EndProject
Project("{FAE04EC0-301F-11D3-BF4B-00C04F79EFBC}") = "Contracts", "src\Contracts\Contracts.csproj", "{114BADCD-9952-4D0B-9D1C-B92E614C8F71}"
EndProject
Project("{FAE04EC0-301F-11D3-BF4B-00C04F79EFBC}") = "IdentityServer", "src\IdentityServer\IdentityServer.csproj", "{5620D631-04E3-4322-A5F7-9C58047E5A98}"
EndProject
Global
	GlobalSection(SolutionConfigurationPlatforms) = preSolution
		Debug|Any CPU = Debug|Any CPU
		Release|Any CPU = Release|Any CPU
	EndGlobalSection
	GlobalSection(SolutionProperties) = preSolution
		HideSolutionNode = FALSE
	EndGlobalSection
	GlobalSection(ProjectConfigurationPlatforms) = postSolution
		{C5F1A4C8-188C-4933-B2D0-34D874FCB02B}.Debug|Any CPU.ActiveCfg = Debug|Any CPU
		{C5F1A4C8-188C-4933-B2D0-34D874FCB02B}.Debug|Any CPU.Build.0 = Debug|Any CPU
		{C5F1A4C8-188C-4933-B2D0-34D874FCB02B}.Release|Any CPU.ActiveCfg = Release|Any CPU
		{C5F1A4C8-188C-4933-B2D0-34D874FCB02B}.Release|Any CPU.Build.0 = Release|Any CPU
		{667C095A-1DE3-447D-8546-AC7BF30F9A78}.Debug|Any CPU.ActiveCfg = Debug|Any CPU
		{667C095A-1DE3-447D-8546-AC7BF30F9A78}.Debug|Any CPU.Build.0 = Debug|Any CPU
		{667C095A-1DE3-447D-8546-AC7BF30F9A78}.Release|Any CPU.ActiveCfg = Release|Any CPU
		{667C095A-1DE3-447D-8546-AC7BF30F9A78}.Release|Any CPU.Build.0 = Release|Any CPU
		{114BADCD-9952-4D0B-9D1C-B92E614C8F71}.Debug|Any CPU.ActiveCfg = Debug|Any CPU
		{114BADCD-9952-4D0B-9D1C-B92E614C8F71}.Debug|Any CPU.Build.0 = Debug|Any CPU
		{114BADCD-9952-4D0B-9D1C-B92E614C8F71}.Release|Any CPU.ActiveCfg = Release|Any CPU
		{114BADCD-9952-4D0B-9D1C-B92E614C8F71}.Release|Any CPU.Build.0 = Release|Any CPU
		{5620D631-04E3-4322-A5F7-9C58047E5A98}.Debug|Any CPU.ActiveCfg = Debug|Any CPU
		{5620D631-04E3-4322-A5F7-9C58047E5A98}.Debug|Any CPU.Build.0 = Debug|Any CPU
		{5620D631-04E3-4322-A5F7-9C58047E5A98}.Release|Any CPU.ActiveCfg = Release|Any CPU
		{5620D631-04E3-4322-A5F7-9C58047E5A98}.Release|Any CPU.Build.0 = Release|Any CPU
	EndGlobalSection
	GlobalSection(NestedProjects) = preSolution
		{C5F1A4C8-188C-4933-B2D0-34D874FCB02B} = {66A73424-6FA2-48CD-A895-FF8FD803EFA0}
		{667C095A-1DE3-447D-8546-AC7BF30F9A78} = {66A73424-6FA2-48CD-A895-FF8FD803EFA0}
		{114BADCD-9952-4D0B-9D1C-B92E614C8F71} = {66A73424-6FA2-48CD-A895-FF8FD803EFA0}
		{5620D631-04E3-4322-A5F7-9C58047E5A98} = {66A73424-6FA2-48CD-A895-FF8FD803EFA0}
	EndGlobalSection
EndGlobal
